
Microsoft Visual Studio Solution File, Format Version 12.00
# Visual Studio Version 17
VisualStudioVersion = 17.6.33815.320
MinimumVisualStudioVersion = 10.0.40219.1
Project("{FAE04EC0-301F-11D3-BF4B-00C04F79EFBC}") = "Fahrgemeinschaft", "Fahrgemeinschaft\Fahrgemeinschaft.csproj", "{7E7EDB00-07C6-469F-8624-19DFE9B91D1D}"
EndProject
Global
	GlobalSection(SolutionConfigurationPlatforms) = preSolution
		Debug|Any CPU = Debug|Any CPU
		Release|Any CPU = Release|Any CPU
	EndGlobalSection
	GlobalSection(ProjectConfigurationPlatforms) = postSolution
		{7E7EDB00-07C6-469F-8624-19DFE9B91D1D}.Debug|Any CPU.ActiveCfg = Debug|Any CPU
		{7E7EDB00-07C6-469F-8624-19DFE9B91D1D}.Debug|Any CPU.Build.0 = Debug|Any CPU
		{7E7EDB00-07C6-469F-8624-19DFE9B91D1D}.Release|Any CPU.ActiveCfg = Release|Any CPU
		{7E7EDB00-07C6-469F-8624-19DFE9B91D1D}.Release|Any CPU.Build.0 = Release|Any CPU
	EndGlobalSection
	GlobalSection(SolutionProperties) = preSolution
		HideSolutionNode = FALSE
	EndGlobalSection
	GlobalSection(ExtensibilityGlobals) = postSolution
		SolutionGuid = {3570E0E5-FBFE-4CE9-8FA3-FFC386065A27}
	EndGlobalSection
EndGlobal
